
Microsoft Visual Studio Solution File, Format Version 12.00
# Visual Studio Version 17
VisualStudioVersion = 17.9.34723.18
MinimumVisualStudioVersion = 10.0.40219.1
Project("{FAE04EC0-301F-11D3-BF4B-00C04F79EFBC}") = "Pryaniky", "Pryaniky\Pryaniky.csproj", "{E74AE445-12C0-414D-82C3-688A6DF5E3FA}"
EndProject
Project("{FAE04EC0-301F-11D3-BF4B-00C04F79EFBC}") = "Domain", "Domain\Domain.csproj", "{C7B72C68-42A0-49C6-B46D-360D6F50FA09}"
EndProject
Project("{FAE04EC0-301F-11D3-BF4B-00C04F79EFBC}") = "DataAccess", "DataAccess\DataAccess.csproj", "{F6CF0790-1FB5-4D2B-A3E6-2547AB242423}"
EndProject
Project("{FAE04EC0-301F-11D3-BF4B-00C04F79EFBC}") = "Application", "Application\Application.csproj", "{1D3BF894-1C1A-4F1E-AC19-1FA65F7F1BF3}"
EndProject
Global
	GlobalSection(SolutionConfigurationPlatforms) = preSolution
		Debug|Any CPU = Debug|Any CPU
		Release|Any CPU = Release|Any CPU
	EndGlobalSection
	GlobalSection(ProjectConfigurationPlatforms) = postSolution
		{E74AE445-12C0-414D-82C3-688A6DF5E3FA}.Debug|Any CPU.ActiveCfg = Debug|Any CPU
		{E74AE445-12C0-414D-82C3-688A6DF5E3FA}.Debug|Any CPU.Build.0 = Debug|Any CPU
		{E74AE445-12C0-414D-82C3-688A6DF5E3FA}.Release|Any CPU.ActiveCfg = Release|Any CPU
		{E74AE445-12C0-414D-82C3-688A6DF5E3FA}.Release|Any CPU.Build.0 = Release|Any CPU
		{C7B72C68-42A0-49C6-B46D-360D6F50FA09}.Debug|Any CPU.ActiveCfg = Debug|Any CPU
		{C7B72C68-42A0-49C6-B46D-360D6F50FA09}.Debug|Any CPU.Build.0 = Debug|Any CPU
		{C7B72C68-42A0-49C6-B46D-360D6F50FA09}.Release|Any CPU.ActiveCfg = Release|Any CPU
		{C7B72C68-42A0-49C6-B46D-360D6F50FA09}.Release|Any CPU.Build.0 = Release|Any CPU
		{F6CF0790-1FB5-4D2B-A3E6-2547AB242423}.Debug|Any CPU.ActiveCfg = Debug|Any CPU
		{F6CF0790-1FB5-4D2B-A3E6-2547AB242423}.Debug|Any CPU.Build.0 = Debug|Any CPU
		{F6CF0790-1FB5-4D2B-A3E6-2547AB242423}.Release|Any CPU.ActiveCfg = Release|Any CPU
		{F6CF0790-1FB5-4D2B-A3E6-2547AB242423}.Release|Any CPU.Build.0 = Release|Any CPU
		{1D3BF894-1C1A-4F1E-AC19-1FA65F7F1BF3}.Debug|Any CPU.ActiveCfg = Debug|Any CPU
		{1D3BF894-1C1A-4F1E-AC19-1FA65F7F1BF3}.Debug|Any CPU.Build.0 = Debug|Any CPU
		{1D3BF894-1C1A-4F1E-AC19-1FA65F7F1BF3}.Release|Any CPU.ActiveCfg = Release|Any CPU
		{1D3BF894-1C1A-4F1E-AC19-1FA65F7F1BF3}.Release|Any CPU.Build.0 = Release|Any CPU
	EndGlobalSection
	GlobalSection(SolutionProperties) = preSolution
		HideSolutionNode = FALSE
	EndGlobalSection
	GlobalSection(ExtensibilityGlobals) = postSolution
		SolutionGuid = {044C429F-5127-40F2-BBD0-A19329FA72DF}
	EndGlobalSection
EndGlobal
